PODS:
  - Alamofire (4.7.2)
  - JSQMessagesViewController (7.3.5):
    - JSQSystemSoundPlayer (~> 2.0.1)
  - JSQSystemSoundPlayer (2.0.1)
  - MessageKit (0.13.5)
  - ObjectMapper (3.1.0)
  - RxCocoa (4.1.2):
    - RxSwift (~> 4.0)
  - RxSwift (4.1.2)

DEPENDENCIES:
  - Alamofire
  - JSQMessagesViewController
  - MessageKit
  - ObjectMapper
  - RxCocoa
  - RxSwift

SPEC REPOS:
  https://github.com/CocoaPods/Specs.git:
    - Alamofire
    - JSQMessagesViewController
    - JSQSystemSoundPlayer
    - MessageKit
    - ObjectMapper
    - RxCocoa
    - RxSwift

SPEC CHECKSUMS:
  Alamofire: e4fa87002c137ba2d8d634d2c51fabcda0d5c223
  JSQMessagesViewController: 6587f56aedbcb150a8ba1d968e1ef58b1bc758b7
  JSQSystemSoundPlayer: c5850e77a4363ffd374cd851154b9af93264ed8d
  MessageKit: c4bd50e285a0f0761bc23a2e982aa7840873c4f5
  ObjectMapper: 20505058f54e5c3ca69e1d6de9897d152a5369a6
  RxCocoa: d88ba0f1f6abf040011a9eb4b539324fc426843a
  RxSwift: e49536837d9901277638493ea537394d4b55f570

PODFILE CHECKSUM: f419a0d847dc315f29c4e45f1800115a278e1d7c

COCOAPODS: 1.5.0
